
Microsoft Visual Studio Solution File, Format Version 12.00
# Visual Studio Version 17
VisualStudioVersion = 17.3.32929.385
MinimumVisualStudioVersion = 10.0.40219.1
Project("{FAE04EC0-301F-11D3-BF4B-00C04F79EFBC}") = "LeetCode_Easy", "LeetCode_Easy\LeetCode_Easy.csproj", "{02D7E3E3-B195-45BC-A4F7-DA268E6F9D32}"
EndProject
Global
	GlobalSection(SolutionConfigurationPlatforms) = preSolution
		Debug|Any CPU = Debug|Any CPU
		Release|Any CPU = Release|Any CPU
	EndGlobalSection
	GlobalSection(ProjectConfigurationPlatforms) = postSolution
		{02D7E3E3-B195-45BC-A4F7-DA268E6F9D32}.Debug|Any CPU.ActiveCfg = Debug|Any CPU
		{02D7E3E3-B195-45BC-A4F7-DA268E6F9D32}.Debug|Any CPU.Build.0 = Debug|Any CPU
		{02D7E3E3-B195-45BC-A4F7-DA268E6F9D32}.Release|Any CPU.ActiveCfg = Release|Any CPU
		{02D7E3E3-B195-45BC-A4F7-DA268E6F9D32}.Release|Any CPU.Build.0 = Release|Any CPU
	EndGlobalSection
	GlobalSection(SolutionProperties) = preSolution
		HideSolutionNode = FALSE
	EndGlobalSection
	GlobalSection(ExtensibilityGlobals) = postSolution
		SolutionGuid = {4DE1913C-CF57-4CAB-BE88-A97B0CE6BA06}
	EndGlobalSection
EndGlobal
